
Microsoft Visual Studio Solution File, Format Version 12.00
# Visual Studio 15
Project("{FAE04EC0-301F-11D3-BF4B-00C04F79EFBC}") = "AlgorithmConsole", "AlgorithmConsole.csproj", "{FC54BBC9-981D-4E88-AB2C-2C0A02FD55BC}"
EndProject
Global
	GlobalSection(SolutionConfigurationPlatforms) = preSolution
		Debug|anycpu = Debug|anycpu
		Release|anycpu = Release|anycpu
	EndGlobalSection
	GlobalSection(ProjectConfigurationPlatforms) = postSolution
		{FC54BBC9-981D-4E88-AB2C-2C0A02FD55BC}.Debug|anycpu.ActiveCfg = Debug|anycpu
		{FC54BBC9-981D-4E88-AB2C-2C0A02FD55BC}.Debug|anycpu.Build.0 = Debug|anycpu
		{FC54BBC9-981D-4E88-AB2C-2C0A02FD55BC}.Release|anycpu.ActiveCfg = Release|anycpu
		{FC54BBC9-981D-4E88-AB2C-2C0A02FD55BC}.Release|anycpu.Build.0 = Release|anycpu
	EndGlobalSection
EndGlobal
